<?xml version="1.0" encoding="UTF-8" standalone="yes" ?>
<CodeBlocks_project_file>
	<FileVersion major="1" minor="6" />
	<Project>
		<Option title="xdr-gtk" />
		<Option pch_mode="2" />
		<Option compiler="gcc" />
		<Build>
			<Target title="Debug">
				<Option platforms="Unix;Mac;" />
				<Option output="bin/Debug/xdr-gtk" prefix_auto="1" extension_auto="1" />
				<Option object_output="obj/Debug/" />
				<Option type="1" />
				<Option compiler="gcc" />
				<Compiler>
					<Add option="-g" />
				</Compiler>
			</Target>
			<Target title="Release">
				<Option platforms="Unix;Mac;" />
				<Option output="bin/Release/xdr-gtk" prefix_auto="1" extension_auto="1" />
				<Option object_output="obj/Release/" />
				<Option type="0" />
				<Option compiler="gcc" />
				<Compiler>
					<Add option="-O3" />
				</Compiler>
				<Linker>
					<Add option="-s" />
				</Linker>
			</Target>
			<Target title="Debug-win">
				<Option platforms="Windows;" />
				<Option output="bin/Debug-win/xdr-gtk" prefix_auto="1" extension_auto="1" />
				<Option object_output="obj/Debug-win/" />
				<Option type="1" />
				<Option compiler="gcc" />
				<Compiler>
					<Add option="-g" />
				</Compiler>
				<Linker>
					<Add option="-lws2_32" />
				</Linker>
			</Target>
			<Target title="Release-win">
				<Option platforms="Windows;" />
				<Option output="bin/Release-win/xdr-gtk" prefix_auto="1" extension_auto="1" />
				<Option object_output="obj/Release-win/" />
				<Option type="0" />
				<Option compiler="gcc" />
				<Compiler>
					<Add option="-O3" />
				</Compiler>
				<Linker>
					<Add option="-s" />
					<Add option="-lws2_32" />
				</Linker>
			</Target>
		</Build>
		<Compiler>
			<Add option="-Wall" />
			<Add option="`pkg-config gtk+-2.0 --cflags`" />
		</Compiler>
		<Linker>
			<Add option="`pkg-config gtk+-2.0 --libs`" />
		</Linker>
		<Unit filename="conf-defaults.h" />
		<Unit filename="conf.c">
			<Option compilerVar="CC" />
		</Unit>
		<Unit filename="conf.h" />
		<Unit filename="icon.rc">
			<Option compilerVar="WINDRES" />
			<Option target="Debug-win" />
			<Option target="Release-win" />
		</Unit>
		<Unit filename="log.c">
			<Option compilerVar="CC" />
		</Unit>
		<Unit filename="log.h" />
		<Unit filename="main.c">
			<Option compilerVar="CC" />
		</Unit>
		<Unit filename="pattern.c">
			<Option compilerVar="CC" />
		</Unit>
		<Unit filename="pattern.h" />
		<Unit filename="rdsspy.c">
			<Option compilerVar="CC" />
		</Unit>
		<Unit filename="rdsspy.h" />
		<Unit filename="scan.c">
			<Option compilerVar="CC" />
		</Unit>
		<Unit filename="scan.h" />
		<Unit filename="scheduler.c">
			<Option compilerVar="CC" />
		</Unit>
		<Unit filename="scheduler.h" />
		<Unit filename="settings.c">
			<Option compilerVar="CC" />
		</Unit>
		<Unit filename="settings.h" />
		<Unit filename="stationlist.c">
			<Option compilerVar="CC" />
		</Unit>
		<Unit filename="stationlist.h" />
		<Unit filename="tuner-callbacks.c">
			<Option compilerVar="CC" />
		</Unit>
		<Unit filename="tuner-callbacks.h" />
		<Unit filename="tuner-conn.c">
			<Option compilerVar="CC" />
		</Unit>
		<Unit filename="tuner-conn.h" />
		<Unit filename="tuner-filters.c">
			<Option compilerVar="CC" />
		</Unit>
		<Unit filename="tuner-filters.h" />
		<Unit filename="tuner-scan.c">
			<Option compilerVar="CC" />
		</Unit>
		<Unit filename="tuner-scan.h" />
		<Unit filename="tuner.c">
			<Option compilerVar="CC" />
		</Unit>
		<Unit filename="tuner.h" />
		<Unit filename="ui-audio.c">
			<Option compilerVar="CC" />
		</Unit>
		<Unit filename="ui-audio.h" />
		<Unit filename="ui-connect.c">
			<Option compilerVar="CC" />
		</Unit>
		<Unit filename="ui-connect.h" />
		<Unit filename="ui-input.c">
			<Option compilerVar="CC" />
		</Unit>
		<Unit filename="ui-input.h" />
		<Unit filename="ui-signal.c">
			<Option compilerVar="CC" />
		</Unit>
		<Unit filename="ui-signal.h" />
		<Unit filename="ui-tuner-set.c">
			<Option compilerVar="CC" />
		</Unit>
		<Unit filename="ui-tuner-set.h" />
		<Unit filename="ui-tuner-update.c">
			<Option compilerVar="CC" />
		</Unit>
		<Unit filename="ui-tuner-update.h" />
		<Unit filename="ui.c">
			<Option compilerVar="CC" />
		</Unit>
		<Unit filename="ui.h" />
		<Unit filename="version.h" />
		<Unit filename="win32.c">
			<Option compilerVar="CC" />
			<Option target="Debug-win" />
			<Option target="Release-win" />
		</Unit>
		<Unit filename="win32.h">
			<Option target="Debug-win" />
			<Option target="Release-win" />
		</Unit>
		<Extensions>
			<code_completion />
			<envvars />
			<debugger />
			<lib_finder disable_auto="1" />
		</Extensions>
	</Project>
</CodeBlocks_project_file>
